# This file is automatically @generated by Wally.
# It is not intended for manual editing.
registry = "test"

[[package]]
name = "core-packages/boolean"
version = "1.2.3"
dependencies = [["Number", "core-packages/number@1.2.3"]]

[[package]]
name = "core-packages/collections"
version = "1.2.3"
dependencies = [["ES7Types", "core-packages/es7-types@1.2.3"], ["InstanceOf", "core-packages/instance-of@1.2.3"]]

[[package]]
name = "core-packages/console"
version = "1.2.3"
dependencies = [["Collections", "core-packages/collections@1.2.3"]]

[[package]]
name = "core-packages/es7-types"
version = "1.2.3"
dependencies = []

[[package]]
name = "core-packages/instance-of"
version = "1.2.3"
dependencies = []

[[package]]
name = "core-packages/luau-polyfill"
version = "1.2.3"
dependencies = [["Boolean", "core-packages/boolean@1.2.3"], ["Collections", "core-packages/collections@1.2.3"], ["Console", "core-packages/console@1.2.3"], ["ES7Types", "core-packages/es7-types@1.2.3"], ["InstanceOf", "core-packages/instance-of@1.2.3"], ["Math", "core-packages/math@1.2.3"], ["Number", "core-packages/number@1.2.3"], ["String", "core-packages/string@1.2.3"], ["Symbol", "core-packages/symbol@1.1.0"], ["Timers", "core-packages/timers@1.2.3"]]

[[package]]
name = "core-packages/math"
version = "1.2.3"
dependencies = []

[[package]]
name = "core-packages/number"
version = "1.2.3"
dependencies = []

[[package]]
name = "core-packages/react"
version = "17.0.1-rc.19"
dependencies = [["LuauPolyfill", "core-packages/luau-polyfill@1.2.3"], ["Shared", "core-packages/shared@17.0.1-rc.19"]]

[[package]]
name = "core-packages/shared"
version = "17.0.1-rc.19"
dependencies = [["LuauPolyfill", "core-packages/luau-polyfill@1.2.3"]]

[[package]]
name = "core-packages/string"
version = "1.2.3"
dependencies = [["ES7Types", "core-packages/es7-types@1.2.3"], ["Number", "core-packages/number@1.2.3"]]

[[package]]
name = "core-packages/symbol"
version = "1.1.0"
dependencies = []

[[package]]
name = "core-packages/timers"
version = "1.2.3"
dependencies = [["Collections", "core-packages/collections@1.2.3"]]

[[package]]
name = "evaera/promise"
version = "4.0.0"
dependencies = []

[[package]]
name = "jsdotlua/boolean"
version = "1.2.3"
dependencies = [["Number", "jsdotlua/number@1.2.3"]]

[[package]]
name = "jsdotlua/collections"
version = "1.2.3"
dependencies = [["ES7Types", "jsdotlua/es7-types@1.2.3"], ["InstanceOf", "jsdotlua/instance-of@1.2.3"]]

[[package]]
name = "jsdotlua/console"
version = "1.2.3"
dependencies = [["Collections", "jsdotlua/collections@1.2.3"]]

[[package]]
name = "jsdotlua/es7-types"
version = "1.2.3"
dependencies = []

[[package]]
name = "jsdotlua/instance-of"
version = "1.2.3"
dependencies = []

[[package]]
name = "jsdotlua/luau-polyfill"
version = "1.2.3"
dependencies = [["Boolean", "jsdotlua/boolean@1.2.3"], ["Collections", "jsdotlua/collections@1.2.3"], ["Console", "jsdotlua/console@1.2.3"], ["ES7Types", "jsdotlua/es7-types@1.2.3"], ["InstanceOf", "jsdotlua/instance-of@1.2.3"], ["Math", "jsdotlua/math@1.2.3"], ["Number", "jsdotlua/number@1.2.3"], ["String", "jsdotlua/string@1.2.3"], ["Symbol", "jsdotlua/symbol@1.0.0"], ["Timers", "jsdotlua/timers@1.2.3"]]

[[package]]
name = "jsdotlua/math"
version = "1.2.3"
dependencies = []

[[package]]
name = "jsdotlua/number"
version = "1.2.3"
dependencies = []

[[package]]
name = "jsdotlua/string"
version = "1.2.3"
dependencies = [["ES7Types", "jsdotlua/es7-types@1.2.3"], ["Number", "jsdotlua/number@1.2.3"]]

[[package]]
name = "jsdotlua/symbol"
version = "1.0.0"
dependencies = []

[[package]]
name = "jsdotlua/timers"
version = "1.2.3"
dependencies = [["Collections", "jsdotlua/collections@1.2.3"]]

[[package]]
name = "jsdotlua/virtualized-list"
version = "1.3.0"
dependencies = [["LuauPolyfill", "jsdotlua/luau-polyfill@1.2.3"], ["Promise", "evaera/promise@4.0.0"], ["React", "core-packages/react@17.0.1-rc.19"]]
